
Microsoft Visual Studio Solution File, Format Version 12.00
# Visual Studio Version 17
VisualStudioVersion = 17.14.36623.8
MinimumVisualStudioVersion = 10.0.40219.1
Project("{FAE04EC0-301F-11D3-BF4B-00C04F79EFBC}") = "Laboratorio19", "Laboratorio19\Laboratorio19.csproj", "{BC5738CD-7642-4DD5-A60E-B4B554154499}"
EndProject
Project("{FAE04EC0-301F-11D3-BF4B-00C04F79EFBC}") = "Laboratorio192", "Laboratorio192\Laboratorio192.csproj", "{8D30806A-6CE1-4872-8470-AFC98D6EB84E}"
EndProject
Project("{FAE04EC0-301F-11D3-BF4B-00C04F79EFBC}") = "Laboratorio193", "Laboratorio193\Laboratorio193.csproj", "{09B6FA44-6876-4C03-A2A3-8F7380D37689}"
EndProject
Global
	GlobalSection(SolutionConfigurationPlatforms) = preSolution
		Debug|Any CPU = Debug|Any CPU
		Release|Any CPU = Release|Any CPU
	EndGlobalSection
	GlobalSection(ProjectConfigurationPlatforms) = postSolution
		{BC5738CD-7642-4DD5-A60E-B4B554154499}.Debug|Any CPU.ActiveCfg = Debug|Any CPU
		{BC5738CD-7642-4DD5-A60E-B4B554154499}.Debug|Any CPU.Build.0 = Debug|Any CPU
		{BC5738CD-7642-4DD5-A60E-B4B554154499}.Release|Any CPU.ActiveCfg = Release|Any CPU
		{BC5738CD-7642-4DD5-A60E-B4B554154499}.Release|Any CPU.Build.0 = Release|Any CPU
		{8D30806A-6CE1-4872-8470-AFC98D6EB84E}.Debug|Any CPU.ActiveCfg = Debug|Any CPU
		{8D30806A-6CE1-4872-8470-AFC98D6EB84E}.Debug|Any CPU.Build.0 = Debug|Any CPU
		{8D30806A-6CE1-4872-8470-AFC98D6EB84E}.Release|Any CPU.ActiveCfg = Release|Any CPU
		{8D30806A-6CE1-4872-8470-AFC98D6EB84E}.Release|Any CPU.Build.0 = Release|Any CPU
		{09B6FA44-6876-4C03-A2A3-8F7380D37689}.Debug|Any CPU.ActiveCfg = Debug|Any CPU
		{09B6FA44-6876-4C03-A2A3-8F7380D37689}.Debug|Any CPU.Build.0 = Debug|Any CPU
		{09B6FA44-6876-4C03-A2A3-8F7380D37689}.Release|Any CPU.ActiveCfg = Release|Any CPU
		{09B6FA44-6876-4C03-A2A3-8F7380D37689}.Release|Any CPU.Build.0 = Release|Any CPU
	EndGlobalSection
	GlobalSection(SolutionProperties) = preSolution
		HideSolutionNode = FALSE
	EndGlobalSection
	GlobalSection(ExtensibilityGlobals) = postSolution
		SolutionGuid = {D3657A14-9A07-4096-B0E2-7AE4D03423F7}
	EndGlobalSection
EndGlobal
