
Microsoft Visual Studio Solution File, Format Version 12.00
# Visual Studio Version 17
VisualStudioVersion = 17.14.36623.8 d17.14
MinimumVisualStudioVersion = 10.0.40219.1
Project("{FAE04EC0-301F-11D3-BF4B-00C04F79EFBC}") = "ContactosAPI", "ContactosAPI\ContactosAPI.csproj", "{C8E770F4-5BE9-41AA-BE55-E8F43AC5C9B6}"
EndProject
Project("{FAE04EC0-301F-11D3-BF4B-00C04F79EFBC}") = "ContactosWeb", "ContactosWeb\ContactosWeb.csproj", "{2551CCB7-88C0-46FE-BCDA-710135B7EC1F}"
EndProject
Global
	GlobalSection(SolutionConfigurationPlatforms) = preSolution
		Debug|Any CPU = Debug|Any CPU
		Release|Any CPU = Release|Any CPU
	EndGlobalSection
	GlobalSection(ProjectConfigurationPlatforms) = postSolution
		{C8E770F4-5BE9-41AA-BE55-E8F43AC5C9B6}.Debug|Any CPU.ActiveCfg = Debug|Any CPU
		{C8E770F4-5BE9-41AA-BE55-E8F43AC5C9B6}.Debug|Any CPU.Build.0 = Debug|Any CPU
		{C8E770F4-5BE9-41AA-BE55-E8F43AC5C9B6}.Release|Any CPU.ActiveCfg = Release|Any CPU
		{C8E770F4-5BE9-41AA-BE55-E8F43AC5C9B6}.Release|Any CPU.Build.0 = Release|Any CPU
		{2551CCB7-88C0-46FE-BCDA-710135B7EC1F}.Debug|Any CPU.ActiveCfg = Debug|Any CPU
		{2551CCB7-88C0-46FE-BCDA-710135B7EC1F}.Debug|Any CPU.Build.0 = Debug|Any CPU
		{2551CCB7-88C0-46FE-BCDA-710135B7EC1F}.Release|Any CPU.ActiveCfg = Release|Any CPU
		{2551CCB7-88C0-46FE-BCDA-710135B7EC1F}.Release|Any CPU.Build.0 = Release|Any CPU
	EndGlobalSection
	GlobalSection(SolutionProperties) = preSolution
		HideSolutionNode = FALSE
	EndGlobalSection
	GlobalSection(ExtensibilityGlobals) = postSolution
		SolutionGuid = {FC90E574-66F6-47E1-BAD1-61D625A06E1E}
	EndGlobalSection
EndGlobal
