
Microsoft Visual Studio Solution File, Format Version 12.00
# Visual Studio Version 17
VisualStudioVersion = 17.14.36623.8 d17.14
MinimumVisualStudioVersion = 10.0.40219.1
Project("{FAE04EC0-301F-11D3-BF4B-00C04F79EFBC}") = "Laboratorio152", "Laboratorio152\Laboratorio152.csproj", "{55FC2E87-E254-4A8F-866D-9886C94F3AA0}"
EndProject
Global
	GlobalSection(SolutionConfigurationPlatforms) = preSolution
		Debug|Any CPU = Debug|Any CPU
		Release|Any CPU = Release|Any CPU
	EndGlobalSection
	GlobalSection(ProjectConfigurationPlatforms) = postSolution
		{55FC2E87-E254-4A8F-866D-9886C94F3AA0}.Debug|Any CPU.ActiveCfg = Debug|Any CPU
		{55FC2E87-E254-4A8F-866D-9886C94F3AA0}.Debug|Any CPU.Build.0 = Debug|Any CPU
		{55FC2E87-E254-4A8F-866D-9886C94F3AA0}.Release|Any CPU.ActiveCfg = Release|Any CPU
		{55FC2E87-E254-4A8F-866D-9886C94F3AA0}.Release|Any CPU.Build.0 = Release|Any CPU
	EndGlobalSection
	GlobalSection(SolutionProperties) = preSolution
		HideSolutionNode = FALSE
	EndGlobalSection
	GlobalSection(ExtensibilityGlobals) = postSolution
		SolutionGuid = {FF988616-2697-4D05-8922-DBD0656C5913}
	EndGlobalSection
EndGlobal
