
Microsoft Visual Studio Solution File, Format Version 12.00
# Visual Studio Version 17
VisualStudioVersion = 17.14.36623.8
MinimumVisualStudioVersion = 10.0.40219.1
Project("{FAE04EC0-301F-11D3-BF4B-00C04F79EFBC}") = "Laboratorio20", "Laboratorio20\Laboratorio20.csproj", "{28E2BEE5-401A-4906-B2A2-E1667D0A6E4E}"
EndProject
Project("{FAE04EC0-301F-11D3-BF4B-00C04F79EFBC}") = "Laboratorio202", "Laboratorio202\Laboratorio202.csproj", "{6BC100EE-3EC7-445F-A406-0404536AD556}"
EndProject
Project("{FAE04EC0-301F-11D3-BF4B-00C04F79EFBC}") = "Laboratorio203", "Laboratorio203\Laboratorio203.csproj", "{2A9E655D-23EC-49F1-B368-843590190BF0}"
EndProject
Global
	GlobalSection(SolutionConfigurationPlatforms) = preSolution
		Debug|Any CPU = Debug|Any CPU
		Release|Any CPU = Release|Any CPU
	EndGlobalSection
	GlobalSection(ProjectConfigurationPlatforms) = postSolution
		{28E2BEE5-401A-4906-B2A2-E1667D0A6E4E}.Debug|Any CPU.ActiveCfg = Debug|Any CPU
		{28E2BEE5-401A-4906-B2A2-E1667D0A6E4E}.Debug|Any CPU.Build.0 = Debug|Any CPU
		{28E2BEE5-401A-4906-B2A2-E1667D0A6E4E}.Release|Any CPU.ActiveCfg = Release|Any CPU
		{28E2BEE5-401A-4906-B2A2-E1667D0A6E4E}.Release|Any CPU.Build.0 = Release|Any CPU
		{6BC100EE-3EC7-445F-A406-0404536AD556}.Debug|Any CPU.ActiveCfg = Debug|Any CPU
		{6BC100EE-3EC7-445F-A406-0404536AD556}.Debug|Any CPU.Build.0 = Debug|Any CPU
		{6BC100EE-3EC7-445F-A406-0404536AD556}.Release|Any CPU.ActiveCfg = Release|Any CPU
		{6BC100EE-3EC7-445F-A406-0404536AD556}.Release|Any CPU.Build.0 = Release|Any CPU
		{2A9E655D-23EC-49F1-B368-843590190BF0}.Debug|Any CPU.ActiveCfg = Debug|Any CPU
		{2A9E655D-23EC-49F1-B368-843590190BF0}.Debug|Any CPU.Build.0 = Debug|Any CPU
		{2A9E655D-23EC-49F1-B368-843590190BF0}.Release|Any CPU.ActiveCfg = Release|Any CPU
		{2A9E655D-23EC-49F1-B368-843590190BF0}.Release|Any CPU.Build.0 = Release|Any CPU
	EndGlobalSection
	GlobalSection(SolutionProperties) = preSolution
		HideSolutionNode = FALSE
	EndGlobalSection
	GlobalSection(ExtensibilityGlobals) = postSolution
		SolutionGuid = {915EAACD-FD11-49AB-B448-939683409ED0}
	EndGlobalSection
EndGlobal
