
Microsoft Visual Studio Solution File, Format Version 12.00
# Visual Studio Version 17
VisualStudioVersion = 17.14.36623.8 d17.14
MinimumVisualStudioVersion = 10.0.40219.1
Project("{FAE04EC0-301F-11D3-BF4B-00C04F79EFBC}") = "Laboratorio18", "Laboratorio18\Laboratorio18.csproj", "{172BA536-2072-42EC-BA36-A2D5103B2C30}"
EndProject
Global
	GlobalSection(SolutionConfigurationPlatforms) = preSolution
		Debug|Any CPU = Debug|Any CPU
		Release|Any CPU = Release|Any CPU
	EndGlobalSection
	GlobalSection(ProjectConfigurationPlatforms) = postSolution
		{172BA536-2072-42EC-BA36-A2D5103B2C30}.Debug|Any CPU.ActiveCfg = Debug|Any CPU
		{172BA536-2072-42EC-BA36-A2D5103B2C30}.Debug|Any CPU.Build.0 = Debug|Any CPU
		{172BA536-2072-42EC-BA36-A2D5103B2C30}.Release|Any CPU.ActiveCfg = Release|Any CPU
		{172BA536-2072-42EC-BA36-A2D5103B2C30}.Release|Any CPU.Build.0 = Release|Any CPU
	EndGlobalSection
	GlobalSection(SolutionProperties) = preSolution
		HideSolutionNode = FALSE
	EndGlobalSection
	GlobalSection(ExtensibilityGlobals) = postSolution
		SolutionGuid = {B528D21F-36C8-47E8-BF99-104B00B66241}
	EndGlobalSection
EndGlobal
